
Microsoft Visual Studio Solution File, Format Version 12.00
# Visual Studio Version 17
VisualStudioVersion = 17.5.33414.496
MinimumVisualStudioVersion = 10.0.40219.1
Project("{FAE04EC0-301F-11D3-BF4B-00C04F79EFBC}") = "ST10158660-RuanZwarts-Prog6221-POE", "ST10158660-RuanZwarts-Prog6221-POE.csproj", "{52A602A1-C55A-49D3-B084-BBAA0787293E}"
EndProject
Global
	GlobalSection(SolutionConfigurationPlatforms) = preSolution
		Debug|Any CPU = Debug|Any CPU
		Release|Any CPU = Release|Any CPU
	EndGlobalSection
	GlobalSection(ProjectConfigurationPlatforms) = postSolution
		{52A602A1-C55A-49D3-B084-BBAA0787293E}.Debug|Any CPU.ActiveCfg = Debug|Any CPU
		{52A602A1-C55A-49D3-B084-BBAA0787293E}.Debug|Any CPU.Build.0 = Debug|Any CPU
		{52A602A1-C55A-49D3-B084-BBAA0787293E}.Release|Any CPU.ActiveCfg = Release|Any CPU
		{52A602A1-C55A-49D3-B084-BBAA0787293E}.Release|Any CPU.Build.0 = Release|Any CPU
	EndGlobalSection
	GlobalSection(SolutionProperties) = preSolution
		HideSolutionNode = FALSE
	EndGlobalSection
	GlobalSection(ExtensibilityGlobals) = postSolution
		SolutionGuid = {8E01789A-30E5-4395-83CE-71CCB2F71A52}
	EndGlobalSection
EndGlobal
